{
  "lockfileVersion": 1,
  "configVersion": 1,
  "workspaces": {
    "": {
      "name": "synthteam-push-bridge",
      "dependencies": {
        "@julusian/midi": "^3.8.0",
        "usb": "^2.16.0",
      },
    },
  },
  "trustedDependencies": [
    "@julusian/midi",
    "usb",
  ],
  "packages": {
    "@julusian/midi": ["@julusian/midi@3.8.0", "", { "dependencies": { "node-addon-api": "^6.1.0", "pkg-prebuilds": "^1.1.0", "tslib": "^2.8.1" } }, "sha512-zlOEsgDry/Wj1df1U6SfR2Z2RDHAZjXl9vFdV84DaaxmkA/7p6l1qX6yvCRAhKl9EnIpiAy+MrNrisKv+0N8Vw=="],

    "@types/w3c-web-usb": ["@types/w3c-web-usb@1.0.14", "", {}, "sha512-Qu3Nn6JFuF4+sHKYl+IcX9vYiI40ogleXzFFSxoE1W94rG98o/kXs8uJ0QSfFzuwBCZWlGfUGpPkgwuuX4PchA=="],

    "node-addon-api": ["node-addon-api@6.1.0", "", {}, "sha512-+eawOlIgy680F0kBzPUNFhMZGtJ1YmqM6l4+Crf4IkImjYrO/mqPwRMh352g23uIaQKFItcQ64I7KMaJxHgAVA=="],

    "node-gyp-build": ["node-gyp-build@4.8.4", "", { "bin": { "node-gyp-build": "bin.js", "node-gyp-build-optional": "optional.js", "node-gyp-build-test": "build-test.js" } }, "sha512-LA4ZjwlnUblHVgq0oBF3Jl/6h/Nvs5fzBLwdEF4nuxnFdsfajde4WfxtJr3CaiH+F6ewcIB/q4jQ4UzPyid+CQ=="],

    "pkg-prebuilds": ["pkg-prebuilds@1.1.0", "", { "bin": { "pkg-prebuilds-copy": "bin/copy.mjs", "pkg-prebuilds-verify": "bin/verify.mjs" } }, "sha512-jyai+KTQ2OwbN6iRYw88XbYOMgtpoSYJpjYebx7d9ihqz3txNi3ucsBt3va0iVWe6svSlaqpijMHFF/eJCMZzg=="],

    "tslib": ["tslib@2.8.1", "", {}, "sha512-oJFu94HQb+KVduSUQL7wnpmqnfmLsOA/nAh6b6EH0wCEoK0/mPeXU6c3wKDV83MkOuHPRHtSXKKU99IBazS/2w=="],

    "usb": ["usb@2.18.0", "", { "dependencies": { "@types/w3c-web-usb": "^1.0.6", "node-addon-api": "^8.0.0", "node-gyp-build": "^4.5.0" } }, "sha512-klAJPUTaSxRvTgrIh7om6UTrgRxdzioD+rJc/MaoiN8+OGdqRzai39tR00asnoCesPNikItWB9zBZoo0pJsWaA=="],

    "usb/node-addon-api": ["node-addon-api@8.9.0", "", {}, "sha512-ekZMeaaIzSQTSpr7X2X3iJM7lTzgnx8ahAG9pJfT/7+14mlEM8ZYQ9cgCDvSSRbReFK0oHli3WrZdCiRsgAT9Q=="],
  }
}
